// !$*UTF8*$!
{
	archiveVersion = 1;
	classes = {
	};
	objectVersion = 50;
	objects = {

/* Begin PBXBuildFile section */
		A437929E27511E3B00B9EADE /* AppDelegate.swift in Sources */ = {isa = PBXBuildFile; fileRef = A437929D27511E3B00B9EADE /* AppDelegate.swift */; };
		A43792A027511E3B00B9EADE /* SceneDelegate.swift in Sources */ = {isa = PBXBuildFile; fileRef = A437929F27511E3B00B9EADE /* SceneDelegate.swift */; };
		A43792A227511E3B00B9EADE /* ViewController.swift in Sources */ = {isa = PBXBuildFile; fileRef = A43792A127511E3B00B9EADE /* ViewController.swift */; };
		A43792A527511E3B00B9EADE /* Main.storyboard in Resources */ = {isa = PBXBuildFile; fileRef = A43792A327511E3B00B9EADE /* Main.storyboard */; };
		A43792A727511E3D00B9EADE /* Assets.xcassets in Resources */ = {isa = PBXBuildFile; fileRef = A43792A627511E3D00B9EADE /* Assets.xcassets */; };
		A43792AA27511E3D00B9EADE /* LaunchScreen.storyboard in Resources */ = {isa = PBXBuildFile; fileRef = A43792A827511E3D00B9EADE /* LaunchScreen.storyboard */; };
/* End PBXBuildFile section */

/* Begin PBXFileReference section */
		A437929A27511E3B00B9EADE /* CollectionAppWithArchitectures.app */ = {isa = PBXFileReference; explicitFileType = wrapper.application; includeInIndex = 0; path = CollectionAppWithArchitectures.app; sourceTree = BUILT_PRODUCTS_DIR; };
		A437929D27511E3B00B9EADE /* AppDelegate.swift */ = {isa = PBXFileReference; lastKnownFileType = sourcecode.swift; path = AppDelegate.swift; sourceTree = "<group>"; };
		A437929F27511E3B00B9EADE /* SceneDelegate.swift */ = {isa = PBXFileReference; lastKnownFileType = sourcecode.swift; path = SceneDelegate.swift; sourceTree = "<group>"; };
		A43792A127511E3B00B9EADE /* ViewController.swift */ = {isa = PBXFileReference; lastKnownFileType = sourcecode.swift; path = ViewController.swift; sourceTree = "<group>"; };
		A43792A427511E3B00B9EADE /* Base */ = {isa = PBXFileReference; lastKnownFileType = file.storyboard; name = Base; path = Base.lproj/Main.storyboard; sourceTree = "<group>"; };
		A43792A627511E3D00B9EADE /* Assets.xcassets */ = {isa = PBXFileReference; lastKnownFileType = folder.assetcatalog; path = Assets.xcassets; sourceTree = "<group>"; };
		A43792A927511E3D00B9EADE /* Base */ = {isa = PBXFileReference; lastKnownFileType = file.storyboard; name = Base; path = Base.lproj/LaunchScreen.storyboard; sourceTree = "<group>"; };
		A43792AB27511E3D00B9EADE /* Info.plist */ = {isa = PBXFileReference; lastKnownFileType = text.plist.xml; path = Info.plist; sourceTree = "<group>"; };
/* End PBXFileReference section */

/* Begin PBXFrameworksBuildPhase section */
		A437929727511E3B00B9EADE /* Frameworks */ = {
			isa = PBXFrameworksBuildPhase;
			buildActionMask = 2147483647;
			files = (
			);
			runOnlyForDeploymentPostprocessing = 0;
		};
/* End PBXFrameworksBuildPhase section */

/* Begin PBXGroup section */
		A437929127511E3B00B9EADE = {
			isa = PBXGroup;
			children = (
				A437929C27511E3B00B9EADE /* CollectionAppWithArchitectures */,
				A437929B27511E3B00B9EADE /* Products */,
			);
			sourceTree = "<group>";
		};
		A437929B27511E3B00B9EADE /* Products */ = {
			isa = PBXGroup;
			children = (
				A437929A27511E3B00B9EADE /* CollectionAppWithArchitectures.app */,
			);
			name = Products;
			sourceTree = "<group>";
		};
		A437929C27511E3B00B9EADE /* CollectionAppWithArchitectures */ = {
			isa = PBXGroup;
			children = (
				A437929D27511E3B00B9EADE /* AppDelegate.swift */,
				A437929F27511E3B00B9EADE /* SceneDelegate.swift */,
				A43792A127511E3B00B9EADE /* ViewController.swift */,
				A43792A327511E3B00B9EADE /* Main.storyboard */,
				A43792A627511E3D00B9EADE /* Assets.xcassets */,
				A43792A827511E3D00B9EADE /* LaunchScreen.storyboard */,
				A43792AB27511E3D00B9EADE /* Info.plist */,
			);
			path = CollectionAppWithArchitectures;
			sourceTree = "<group>";
		};
/* End PBXGroup section */

/* Begin PBXNativeTarget section */
		A437929927511E3B00B9EADE /* CollectionAppWithArchitectures */ = {
			isa = PBXNativeTarget;
			buildConfigurationList = A43792AE27511E3D00B9EADE /* Build configuration list for PBXNativeTarget "CollectionAppWithArchitectures" */;
			buildPhases = (
				A437929627511E3B00B9EADE /* Sources */,
				A437929727511E3B00B9EADE /* Frameworks */,
				A437929827511E3B00B9EADE /* Resources */,
			);
			buildRules = (
			);
			dependencies = (
			);
			name = CollectionAppWithArchitectures;
			productName = CollectionAppWithArchitectures;
			productReference = A437929A27511E3B00B9EADE /* CollectionAppWithArchitectures.app */;
			productType = "com.apple.product-type.application";
		};
/* End PBXNativeTarget section */

/* Begin PBXProject section */
		A437929227511E3B00B9EADE /* Project object */ = {
			isa = PBXProject;
			attributes = {
				LastSwiftUpdateCheck = 1250;
				LastUpgradeCheck = 1250;
				TargetAttributes = {
					A437929927511E3B00B9EADE = {
						CreatedOnToolsVersion = 12.5.1;
					};
				};
			};
			buildConfigurationList = A437929527511E3B00B9EADE /* Build configuration list for PBXProject "CollectionAppWithArchitectures" */;
			compatibilityVersion = "Xcode 9.3";
			developmentRegion = en;
			hasScannedForEncodings = 0;
			knownRegions = (
				en,
				Base,
			);
			mainGroup = A437929127511E3B00B9EADE;
			productRefGroup = A437929B27511E3B00B9EADE /* Products */;
			projectDirPath = "";
			projectRoot = "";
			targets = (
				A437929927511E3B00B9EADE /* CollectionAppWithArchitectures */,
			);
		};
/* End PBXProject section */

/* Begin PBXResourcesBuildPhase section */
		A437929827511E3B00B9EADE /* Resources */ = {
			isa = PBXResourcesBuildPhase;
			buildActionMask = 2147483647;
			files = (
				A43792AA27511E3D00B9EADE /* LaunchScreen.storyboard in Resources */,
				A43792A727511E3D00B9EADE /* Assets.xcassets in Resources */,
				A43792A527511E3B00B9EADE /* Main.storyboard in Resources */,
			);
			runOnlyForDeploymentPostprocessing = 0;
		};
/* End PBXResourcesBuildPhase section */

/* Begin PBXSourcesBuildPhase section */
		A437929627511E3B00B9EADE /* Sources */ = {
			isa = PBXSourcesBuildPhase;
			buildActionMask = 2147483647;
			files = (
				A43792A227511E3B00B9EADE /* ViewController.swift in Sources */,
				A437929E27511E3B00B9EADE /* AppDelegate.swift in Sources */,
				A43792A027511E3B00B9EADE /* SceneDelegate.swift in Sources */,
			);
			runOnlyForDeploymentPostprocessing = 0;
		};
/* End PBXSourcesBuildPhase section */

/* Begin PBXVariantGroup section */
		A43792A327511E3B00B9EADE /* Main.storyboard */ = {
			isa = PBXVariantGroup;
			children = (
				A43792A427511E3B00B9EADE /* Base */,
			);
			name = Main.storyboard;
			sourceTree = "<group>";
		};
		A43792A827511E3D00B9EADE /* LaunchScreen.storyboard */ = {
			isa = PBXVariantGroup;
			children = (
				A43792A927511E3D00B9EADE /* Base */,
			);
			name = LaunchScreen.storyboard;
			sourceTree = "<group>";
		};
/* End PBXVariantGroup section */

/* Begin XCBuildConfiguration section */
		A43792AC27511E3D00B9EADE /* Debug */ = {
			isa = XCBuildConfiguration;
			buildSettings = {
				ALWAYS_SEARCH_USER_PATHS = NO;
				CLANG_ANALYZER_NONNULL = YES;
				CLANG_ANALYZER_NUMBER_OBJECT_CONVERSION = YES_AGGRESSIVE;
				CLANG_CXX_LANGUAGE_STANDARD = "gnu++14";
				CLANG_CXX_LIBRARY = "libc++";
				CLANG_ENABLE_MODULES = YES;
				CLANG_ENABLE_OBJC_ARC = YES;
				CLANG_ENABLE_OBJC_WEAK = YES;
				CLANG_WARN_BLOCK_CAPTURE_AUTORELEASING = YES;
				CLANG_WARN_BOOL_CONVERSION = YES;
				CLANG_WARN_COMMA = YES;
				CLANG_WARN_CONSTANT_CONVERSION = YES;
				CLANG_WARN_DEPRECATED_OBJC_IMPLEMENTATIONS = YES;
				CLANG_WARN_DIRECT_OBJC_ISA_USAGE = YES_ERROR;
				CLANG_WARN_DOCUMENTATION_COMMENTS = YES;
				CLANG_WARN_EMPTY_BODY = YES;
				CLANG_WARN_ENUM_CONVERSION = YES;
				CLANG_WARN_INFINITE_RECURSION = YES;
				CLANG_WARN_INT_CONVERSION = YES;
				CLANG_WARN_NON_LITERAL_NULL_CONVERSION = YES;
				CLANG_WARN_OBJC_IMPLICIT_RETAIN_SELF = YES;
				CLANG_WARN_OBJC_LITERAL_CONVERSION = YES;
				CLANG_WARN_OBJC_ROOT_CLASS = YES_ERROR;
				CLANG_WARN_QUOTED_INCLUDE_IN_FRAMEWORK_HEADER = YES;
				CLANG_WARN_RANGE_LOOP_ANALYSIS = YES;
				CLANG_WARN_STRICT_PROTOTYPES = YES;
				CLANG_WARN_SUSPICIOUS_MOVE = YES;
				CLANG_WARN_UNGUARDED_AVAILABILITY = YES_AGGRESSIVE;
				CLANG_WARN_UNREACHABLE_CODE = YES;
				CLANG_WARN__DUPLICATE_METHOD_MATCH = YES;
				COPY_PHASE_STRIP = NO;
				DEBUG_INFORMATION_FORMAT = dwarf;
				ENABLE_STRICT_OBJC_MSGSEND = YES;
				ENABLE_TESTABILITY = YES;
				GCC_C_LANGUAGE_STANDARD = gnu11;
				GCC_DYNAMIC_NO_PIC = NO;
				GCC_NO_COMMON_BLOCKS = YES;
				GCC_OPTIMIZATION_LEVEL = 0;
				GCC_PREPROCESSOR_DEFINITIONS = (
					"DEBUG=1",
					"$(inherited)",
				);
				GCC_WARN_64_TO_32_BIT_CONVERSION = YES;
				GCC_WARN_ABOUT_RETURN_TYPE = YES_ERROR;
				GCC_WARN_UNDECLARED_SELECTOR = YES;
				GCC_WARN_UNINITIALIZED_AUTOS = YES_AGGRESSIVE;
				GCC_WARN_UNUSED_FUNCTION = YES;
				GCC_WARN_UNUSED_VARIABLE = YES;
				IPHONEOS_DEPLOYMENT_TARGET = 14.5;
				MTL_ENABLE_DEBUG_INFO = INCLUDE_SOURCE;
				MTL_FAST_MATH = YES;
				ONLY_ACTIVE_ARCH = YES;
				SDKROOT = iphoneos;
				SWIFT_ACTIVE_COMPILATION_CONDITIONS = DEBUG;
				SWIFT_OPTIMIZATION_LEVEL = "-Onone";
			};
			name = Debug;
		};
		A43792AD27511E3D00B9EADE /* Release */ = {
			isa = XCBuildConfiguration;
			buildSettings = {
				ALWAYS_SEARCH_USER_PATHS = NO;
				CLANG_ANALYZER_NONNULL = YES;
				CLANG_ANALYZER_NUMBER_OBJECT_CONVERSION = YES_AGGRESSIVE;
				CLANG_CXX_LANGUAGE_STANDARD = "gnu++14";
				CLANG_CXX_LIBRARY = "libc++";
				CLANG_ENABLE_MODULES = YES;
				CLANG_ENABLE_OBJC_ARC = YES;
				CLANG_ENABLE_OBJC_WEAK = YES;
				CLANG_WARN_BLOCK_CAPTURE_AUTORELEASING = YES;
				CLANG_WARN_BOOL_CONVERSION = YES;
				CLANG_WARN_COMMA = YES;
				CLANG_WARN_CONSTANT_CONVERSION = YES;
				CLANG_WARN_DEPRECATED_OBJC_IMPLEMENTATIONS = YES;
				CLANG_WARN_DIRECT_OBJC_ISA_USAGE = YES_ERROR;
				CLANG_WARN_DOCUMENTATION_COMMENTS = YES;
				CLANG_WARN_EMPTY_BODY = YES;
				CLANG_WARN_ENUM_CONVERSION = YES;
				CLANG_WARN_INFINITE_RECURSION = YES;
				CLANG_WARN_INT_CONVERSION = YES;
				CLANG_WARN_NON_LITERAL_NULL_CONVERSION = YES;
				CLANG_WARN_OBJC_IMPLICIT_RETAIN_SELF = YES;
				CLANG_WARN_OBJC_LITERAL_CONVERSION = YES;
				CLANG_WARN_OBJC_ROOT_CLASS = YES_ERROR;
				CLANG_WARN_QUOTED_INCLUDE_IN_FRAMEWORK_HEADER = YES;
				CLANG_WARN_RANGE_LOOP_ANALYSIS = YES;
				CLANG_WARN_STRICT_PROTOTYPES = YES;
				CLANG_WARN_SUSPICIOUS_MOVE = YES;
				CLANG_WARN_UNGUARDED_AVAILABILITY = YES_AGGRESSIVE;
				CLANG_WARN_UNREACHABLE_CODE = YES;
				CLANG_WARN__DUPLICATE_METHOD_MATCH = YES;
				COPY_PHASE_STRIP = NO;
				DEBUG_INFORMATION_FORMAT = "dwarf-with-dsym";
				ENABLE_NS_ASSERTIONS = NO;
				ENABLE_STRICT_OBJC_MSGSEND = YES;
				GCC_C_LANGUAGE_STANDARD = gnu11;
				GCC_NO_COMMON_BLOCKS = YES;
				GCC_WARN_64_TO_32_BIT_CONVERSION = YES;
				GCC_WARN_ABOUT_RETURN_TYPE = YES_ERROR;
				GCC_WARN_UNDECLARED_SELECTOR = YES;
				GCC_WARN_UNINITIALIZED_AUTOS = YES_AGGRESSIVE;
				GCC_WARN_UNUSED_FUNCTION = YES;
				GCC_WARN_UNUSED_VARIABLE = YES;
				IPHONEOS_DEPLOYMENT_TARGET = 14.5;
				MTL_ENABLE_DEBUG_INFO = NO;
				MTL_FAST_MATH = YES;
				SDKROOT = iphoneos;
				SWIFT_COMPILATION_MODE = wholemodule;
				SWIFT_OPTIMIZATION_LEVEL = "-O";
				VALIDATE_PRODUCT = YES;
			};
			name = Release;
		};
		A43792AF27511E3D00B9EADE /* Debug */ = {
			isa = XCBuildConfiguration;
			buildSettings = {
				ASSETCATALOG_COMPILER_APPICON_NAME = AppIcon;
				ASSETCATALOG_COMPILER_GLOBAL_ACCENT_COLOR_NAME = AccentColor;
				CODE_SIGN_STYLE = Automatic;
				DEVELOPMENT_TEAM = 5M486LZTXJ;
				INFOPLIST_FILE = CollectionAppWithArchitectures/Info.plist;
				LD_RUNPATH_SEARCH_PATHS = (
					"$(inherited)",
					"@executable_path/Frameworks",
				);
				PRODUCT_BUNDLE_IDENTIFIER = AleksanderHolod.CollectionAppWithArchitectures;
				PRODUCT_NAME = "$(TARGET_NAME)";
				SWIFT_VERSION = 5.0;
				TARGETED_DEVICE_FAMILY = "1,2";
			};
			name = Debug;
		};
		A43792B027511E3D00B9EADE /* Release */ = {
			isa = XCBuildConfiguration;
			buildSettings = {
				ASSETCATALOG_COMPILER_APPICON_NAME = AppIcon;
				ASSETCATALOG_COMPILER_GLOBAL_ACCENT_COLOR_NAME = AccentColor;
				CODE_SIGN_STYLE = Automatic;
				DEVELOPMENT_TEAM = 5M486LZTXJ;
				INFOPLIST_FILE = CollectionAppWithArchitectures/Info.plist;
				LD_RUNPATH_SEARCH_PATHS = (
					"$(inherited)",
					"@executable_path/Frameworks",
				);
				PRODUCT_BUNDLE_IDENTIFIER = AleksanderHolod.CollectionAppWithArchitectures;
				PRODUCT_NAME = "$(TARGET_NAME)";
				SWIFT_VERSION = 5.0;
				TARGETED_DEVICE_FAMILY = "1,2";
			};
			name = Release;
		};
/* End XCBuildConfiguration section */

/* Begin XCConfigurationList section */
		A437929527511E3B00B9EADE /* Build configuration list for PBXProject "CollectionAppWithArchitectures" */ = {
			isa = XCConfigurationList;
			buildConfigurations = (
				A43792AC27511E3D00B9EADE /* Debug */,
				A43792AD27511E3D00B9EADE /* Release */,
			);
			defaultConfigurationIsVisible = 0;
			defaultConfigurationName = Release;
		};
		A43792AE27511E3D00B9EADE /* Build configuration list for PBXNativeTarget "CollectionAppWithArchitectures" */ = {
			isa = XCConfigurationList;
			buildConfigurations = (
				A43792AF27511E3D00B9EADE /* Debug */,
				A43792B027511E3D00B9EADE /* Release */,
			);
			defaultConfigurationIsVisible = 0;
			defaultConfigurationName = Release;
		};
/* End XCConfigurationList section */
	};
	rootObject = A437929227511E3B00B9EADE /* Project object */;
}
